
Microsoft Visual Studio Solution File, Format Version 12.00
# Visual Studio Version 17
VisualStudioVersion = 17.11.35312.102
MinimumVisualStudioVersion = 10.0.40219.1
Project("{FAE04EC0-301F-11D3-BF4B-00C04F79EFBC}") = "yazlab1proje3webapi", "yazlab1proje3webapi\yazlab1proje3webapi.csproj", "{4201899A-2C0C-448A-B77A-7A52AE8F0782}"
EndProject
Project("{FAE04EC0-301F-11D3-BF4B-00C04F79EFBC}") = "yazlab1proje3UI", "yazlab1proje3UI\yazlab1proje3UI.csproj", "{AC0D3099-0221-4A76-AEEA-24E8A828036B}"
EndProject
Global
	GlobalSection(SolutionConfigurationPlatforms) = preSolution
		Debug|Any CPU = Debug|Any CPU
		Release|Any CPU = Release|Any CPU
	EndGlobalSection
	GlobalSection(ProjectConfigurationPlatforms) = postSolution
		{4201899A-2C0C-448A-B77A-7A52AE8F0782}.Debug|Any CPU.ActiveCfg = Debug|Any CPU
		{4201899A-2C0C-448A-B77A-7A52AE8F0782}.Debug|Any CPU.Build.0 = Debug|Any CPU
		{4201899A-2C0C-448A-B77A-7A52AE8F0782}.Release|Any CPU.ActiveCfg = Release|Any CPU
		{4201899A-2C0C-448A-B77A-7A52AE8F0782}.Release|Any CPU.Build.0 = Release|Any CPU
		{AC0D3099-0221-4A76-AEEA-24E8A828036B}.Debug|Any CPU.ActiveCfg = Debug|Any CPU
		{AC0D3099-0221-4A76-AEEA-24E8A828036B}.Debug|Any CPU.Build.0 = Debug|Any CPU
		{AC0D3099-0221-4A76-AEEA-24E8A828036B}.Release|Any CPU.ActiveCfg = Release|Any CPU
		{AC0D3099-0221-4A76-AEEA-24E8A828036B}.Release|Any CPU.Build.0 = Release|Any CPU
	EndGlobalSection
	GlobalSection(SolutionProperties) = preSolution
		HideSolutionNode = FALSE
	EndGlobalSection
	GlobalSection(ExtensibilityGlobals) = postSolution
		SolutionGuid = {AEDD58CC-F735-443C-A008-876FB9A7AD43}
	EndGlobalSection
EndGlobal
